
Microsoft Visual Studio Solution File, Format Version 12.00
# Visual Studio 15
VisualStudioVersion = 15.0.27130.2027
MinimumVisualStudioVersion = 10.0.40219.1
Project("{FAE04EC0-301F-11D3-BF4B-00C04F79EFBC}") = "ZO.Kats.Common", "ZO.Kats.Common\ZO.Kats.Common.csproj", "{1701F637-1BF5-41C1-A8CF-A1746B8C9A71}"
EndProject
Project("{FAE04EC0-301F-11D3-BF4B-00C04F79EFBC}") = "ZO.Kats.Dac", "ZO.Kats.Dac\ZO.Kats.Dac.csproj", "{FB352C92-E918-48D3-B66C-FC1A8BDA4DC5}"
EndProject
Project("{FAE04EC0-301F-11D3-BF4B-00C04F79EFBC}") = "ZO.Kats.Launcher", "ZO.Kats.Launcher\ZO.Kats.Launcher.csproj", "{1EBB24AD-2CE3-4C00-85A2-98A58C1E7D64}"
EndProject
Global
	GlobalSection(SolutionConfigurationPlatforms) = preSolution
		Debug|Any CPU = Debug|Any CPU
		Release|Any CPU = Release|Any CPU
	EndGlobalSection
	GlobalSection(ProjectConfigurationPlatforms) = postSolution
		{1701F637-1BF5-41C1-A8CF-A1746B8C9A71}.Debug|Any CPU.ActiveCfg = Debug|Any CPU
		{1701F637-1BF5-41C1-A8CF-A1746B8C9A71}.Debug|Any CPU.Build.0 = Debug|Any CPU
		{1701F637-1BF5-41C1-A8CF-A1746B8C9A71}.Release|Any CPU.ActiveCfg = Release|Any CPU
		{1701F637-1BF5-41C1-A8CF-A1746B8C9A71}.Release|Any CPU.Build.0 = Release|Any CPU
		{FB352C92-E918-48D3-B66C-FC1A8BDA4DC5}.Debug|Any CPU.ActiveCfg = Debug|Any CPU
		{FB352C92-E918-48D3-B66C-FC1A8BDA4DC5}.Debug|Any CPU.Build.0 = Debug|Any CPU
		{FB352C92-E918-48D3-B66C-FC1A8BDA4DC5}.Release|Any CPU.ActiveCfg = Release|Any CPU
		{FB352C92-E918-48D3-B66C-FC1A8BDA4DC5}.Release|Any CPU.Build.0 = Release|Any CPU
		{1EBB24AD-2CE3-4C00-85A2-98A58C1E7D64}.Debug|Any CPU.ActiveCfg = Debug|Any CPU
		{1EBB24AD-2CE3-4C00-85A2-98A58C1E7D64}.Debug|Any CPU.Build.0 = Debug|Any CPU
		{1EBB24AD-2CE3-4C00-85A2-98A58C1E7D64}.Release|Any CPU.ActiveCfg = Release|Any CPU
		{1EBB24AD-2CE3-4C00-85A2-98A58C1E7D64}.Release|Any CPU.Build.0 = Release|Any CPU
	EndGlobalSection
	GlobalSection(SolutionProperties) = preSolution
		HideSolutionNode = FALSE
	EndGlobalSection
	GlobalSection(ExtensibilityGlobals) = postSolution
		SolutionGuid = {B9E90EF8-21A8-47CC-BE06-953B67AC44E4}
	EndGlobalSection
EndGlobal
